// !$*UTF8*$!
{
	archiveVersion = 1;
	classes = {
	};
	objectVersion = 46;
	objects = {

/* Begin PBXBuildFile section */
		72F970541EDDC393004E5C19 /* AppDelegate.swift in Sources */ = {isa = PBXBuildFile; fileRef = 72F970531EDDC393004E5C19 /* AppDelegate.swift */; };
		72F970561EDDC393004E5C19 /* MainVC.swift in Sources */ = {isa = PBXBuildFile; fileRef = 72F970551EDDC393004E5C19 /* MainVC.swift */; };
		72F970591EDDC393004E5C19 /* Main.storyboard in Resources */ = {isa = PBXBuildFile; fileRef = 72F970571EDDC393004E5C19 /* Main.storyboard */; };
		72F9705C1EDDC393004E5C19 /* DreamLister.xcdatamodeld in Sources */ = {isa = PBXBuildFile; fileRef = 72F9705A1EDDC393004E5C19 /* DreamLister.xcdatamodeld */; };
		72F9705E1EDDC393004E5C19 /* Assets.xcassets in Resources */ = {isa = PBXBuildFile; fileRef = 72F9705D1EDDC393004E5C19 /* Assets.xcassets */; };
		72F970611EDDC393004E5C19 /* LaunchScreen.storyboard in Resources */ = {isa = PBXBuildFile; fileRef = 72F9705F1EDDC393004E5C19 /* LaunchScreen.storyboard */; };
		72F9708A1EDDFD75004E5C19 /* ItemType+CoreDataClass.swift in Sources */ = {isa = PBXBuildFile; fileRef = 72F970821EDDFD75004E5C19 /* ItemType+CoreDataClass.swift */; };
		72F9708B1EDDFD75004E5C19 /* ItemType+CoreDataProperties.swift in Sources */ = {isa = PBXBuildFile; fileRef = 72F970831EDDFD75004E5C19 /* ItemType+CoreDataProperties.swift */; };
		72F9708C1EDDFD75004E5C19 /* Image+CoreDataClass.swift in Sources */ = {isa = PBXBuildFile; fileRef = 72F970841EDDFD75004E5C19 /* Image+CoreDataClass.swift */; };
		72F9708D1EDDFD75004E5C19 /* Image+CoreDataProperties.swift in Sources */ = {isa = PBXBuildFile; fileRef = 72F970851EDDFD75004E5C19 /* Image+CoreDataProperties.swift */; };
		72F9708E1EDDFD75004E5C19 /* Item+CoreDataClass.swift in Sources */ = {isa = PBXBuildFile; fileRef = 72F970861EDDFD75004E5C19 /* Item+CoreDataClass.swift */; };
		72F9708F1EDDFD75004E5C19 /* Item+CoreDataProperties.swift in Sources */ = {isa = PBXBuildFile; fileRef = 72F970871EDDFD75004E5C19 /* Item+CoreDataProperties.swift */; };
		72F970901EDDFD75004E5C19 /* Store+CoreDataClass.swift in Sources */ = {isa = PBXBuildFile; fileRef = 72F970881EDDFD75004E5C19 /* Store+CoreDataClass.swift */; };
		72F970911EDDFD75004E5C19 /* Store+CoreDataProperties.swift in Sources */ = {isa = PBXBuildFile; fileRef = 72F970891EDDFD75004E5C19 /* Store+CoreDataProperties.swift */; };
		72F970941EDE055F004E5C19 /* MaterialView.swift in Sources */ = {isa = PBXBuildFile; fileRef = 72F970931EDE055F004E5C19 /* MaterialView.swift */; };
/* End PBXBuildFile section */

/* Begin PBXFileReference section */
		72F970501EDDC393004E5C19 /* DreamLister.app */ = {isa = PBXFileReference; explicitFileType = wrapper.application; includeInIndex = 0; path = DreamLister.app; sourceTree = BUILT_PRODUCTS_DIR; };
		72F970531EDDC393004E5C19 /* AppDelegate.swift */ = {isa = PBXFileReference; lastKnownFileType = sourcecode.swift; path = AppDelegate.swift; sourceTree = "<group>"; };
		72F970551EDDC393004E5C19 /* MainVC.swift */ = {isa = PBXFileReference; lastKnownFileType = sourcecode.swift; path = MainVC.swift; sourceTree = "<group>"; };
		72F970581EDDC393004E5C19 /* Base */ = {isa = PBXFileReference; lastKnownFileType = file.storyboard; name = Base; path = Base.lproj/Main.storyboard; sourceTree = "<group>"; };
		72F9705B1EDDC393004E5C19 /* DreamLister.xcdatamodel */ = {isa = PBXFileReference; lastKnownFileType = wrapper.xcdatamodel; path = DreamLister.xcdatamodel; sourceTree = "<group>"; };
		72F9705D1EDDC393004E5C19 /* Assets.xcassets */ = {isa = PBXFileReference; lastKnownFileType = folder.assetcatalog; path = Assets.xcassets; sourceTree = "<group>"; };
		72F970601EDDC393004E5C19 /* Base */ = {isa = PBXFileReference; lastKnownFileType = file.storyboard; name = Base; path = Base.lproj/LaunchScreen.storyboard; sourceTree = "<group>"; };
		72F970621EDDC393004E5C19 /* Info.plist */ = {isa = PBXFileReference; lastKnownFileType = text.plist.xml; path = Info.plist; sourceTree = "<group>"; };
		72F970821EDDFD75004E5C19 /* ItemType+CoreDataClass.swift */ = {isa = PBXFileReference; fileEncoding = 4; lastKnownFileType = sourcecode.swift; path = "ItemType+CoreDataClass.swift"; sourceTree = "<group>"; };
		72F970831EDDFD75004E5C19 /* ItemType+CoreDataProperties.swift */ = {isa = PBXFileReference; fileEncoding = 4; lastKnownFileType = sourcecode.swift; path = "ItemType+CoreDataProperties.swift"; sourceTree = "<group>"; };
		72F970841EDDFD75004E5C19 /* Image+CoreDataClass.swift */ = {isa = PBXFileReference; fileEncoding = 4; lastKnownFileType = sourcecode.swift; path = "Image+CoreDataClass.swift"; sourceTree = "<group>"; };
		72F970851EDDFD75004E5C19 /* Image+CoreDataProperties.swift */ = {isa = PBXFileReference; fileEncoding = 4; lastKnownFileType = sourcecode.swift; path = "Image+CoreDataProperties.swift"; sourceTree = "<group>"; };
		72F970861EDDFD75004E5C19 /* Item+CoreDataClass.swift */ = {isa = PBXFileReference; fileEncoding = 4; lastKnownFileType = sourcecode.swift; path = "Item+CoreDataClass.swift"; sourceTree = "<group>"; };
		72F970871EDDFD75004E5C19 /* Item+CoreDataProperties.swift */ = {isa = PBXFileReference; fileEncoding = 4; lastKnownFileType = sourcecode.swift; path = "Item+CoreDataProperties.swift"; sourceTree = "<group>"; };
		72F970881EDDFD75004E5C19 /* Store+CoreDataClass.swift */ = {isa = PBXFileReference; fileEncoding = 4; lastKnownFileType = sourcecode.swift; path = "Store+CoreDataClass.swift"; sourceTree = "<group>"; };
		72F970891EDDFD75004E5C19 /* Store+CoreDataProperties.swift */ = {isa = PBXFileReference; fileEncoding = 4; lastKnownFileType = sourcecode.swift; path = "Store+CoreDataProperties.swift"; sourceTree = "<group>"; };
		72F970931EDE055F004E5C19 /* MaterialView.swift */ = {isa = PBXFileReference; fileEncoding = 4; lastKnownFileType = sourcecode.swift; path = MaterialView.swift; sourceTree = "<group>"; };
/* End PBXFileReference section */

/* Begin PBXFrameworksBuildPhase section */
		72F9704D1EDDC392004E5C19 /* Frameworks */ = {
			isa = PBXFrameworksBuildPhase;
			buildActionMask = 2147483647;
			files = (
			);
			runOnlyForDeploymentPostprocessing = 0;
		};
/* End PBXFrameworksBuildPhase section */

/* Begin PBXGroup section */
		72F970471EDDC392004E5C19 = {
			isa = PBXGroup;
			children = (
				72F970521EDDC393004E5C19 /* DreamLister */,
				72F970511EDDC393004E5C19 /* Products */,
			);
			sourceTree = "<group>";
		};
		72F970511EDDC393004E5C19 /* Products */ = {
			isa = PBXGroup;
			children = (
				72F970501EDDC393004E5C19 /* DreamLister.app */,
			);
			name = Products;
			sourceTree = "<group>";
		};
		72F970521EDDC393004E5C19 /* DreamLister */ = {
			isa = PBXGroup;
			children = (
				72F970921EDE0525004E5C19 /* View */,
				72F970781EDDF635004E5C19 /* Model */,
				72F970531EDDC393004E5C19 /* AppDelegate.swift */,
				72F970551EDDC393004E5C19 /* MainVC.swift */,
				72F970571EDDC393004E5C19 /* Main.storyboard */,
				72F9705D1EDDC393004E5C19 /* Assets.xcassets */,
				72F9705F1EDDC393004E5C19 /* LaunchScreen.storyboard */,
				72F970621EDDC393004E5C19 /* Info.plist */,
				72F9705A1EDDC393004E5C19 /* DreamLister.xcdatamodeld */,
			);
			path = DreamLister;
			sourceTree = "<group>";
		};
		72F970781EDDF635004E5C19 /* Model */ = {
			isa = PBXGroup;
			children = (
				72F970821EDDFD75004E5C19 /* ItemType+CoreDataClass.swift */,
				72F970841EDDFD75004E5C19 /* Image+CoreDataClass.swift */,
				72F970861EDDFD75004E5C19 /* Item+CoreDataClass.swift */,
				72F970881EDDFD75004E5C19 /* Store+CoreDataClass.swift */,
				72F970791EDDF63B004E5C19 /* generated */,
			);
			name = Model;
			sourceTree = "<group>";
		};
		72F970791EDDF63B004E5C19 /* generated */ = {
			isa = PBXGroup;
			children = (
				72F970831EDDFD75004E5C19 /* ItemType+CoreDataProperties.swift */,
				72F970851EDDFD75004E5C19 /* Image+CoreDataProperties.swift */,
				72F970871EDDFD75004E5C19 /* Item+CoreDataProperties.swift */,
				72F970891EDDFD75004E5C19 /* Store+CoreDataProperties.swift */,
			);
			name = generated;
			sourceTree = "<group>";
		};
		72F970921EDE0525004E5C19 /* View */ = {
			isa = PBXGroup;
			children = (
				72F970931EDE055F004E5C19 /* MaterialView.swift */,
			);
			name = View;
			sourceTree = "<group>";
		};
/* End PBXGroup section */

/* Begin PBXNativeTarget section */
		72F9704F1EDDC392004E5C19 /* DreamLister */ = {
			isa = PBXNativeTarget;
			buildConfigurationList = 72F970651EDDC393004E5C19 /* Build configuration list for PBXNativeTarget "DreamLister" */;
			buildPhases = (
				72F9704C1EDDC392004E5C19 /* Sources */,
				72F9704D1EDDC392004E5C19 /* Frameworks */,
				72F9704E1EDDC392004E5C19 /* Resources */,
			);
			buildRules = (
			);
			dependencies = (
			);
			name = DreamLister;
			productName = DreamLister;
			productReference = 72F970501EDDC393004E5C19 /* DreamLister.app */;
			productType = "com.apple.product-type.application";
		};
/* End PBXNativeTarget section */

/* Begin PBXProject section */
		72F970481EDDC392004E5C19 /* Project object */ = {
			isa = PBXProject;
			attributes = {
				LastSwiftUpdateCheck = 0830;
				LastUpgradeCheck = 0830;
				ORGANIZATIONNAME = "Gustavo Colaco";
				TargetAttributes = {
					72F9704F1EDDC392004E5C19 = {
						CreatedOnToolsVersion = 8.3.2;
						ProvisioningStyle = Automatic;
					};
				};
			};
			buildConfigurationList = 72F9704B1EDDC392004E5C19 /* Build configuration list for PBXProject "DreamLister" */;
			compatibilityVersion = "Xcode 3.2";
			developmentRegion = English;
			hasScannedForEncodings = 0;
			knownRegions = (
				en,
				Base,
			);
			mainGroup = 72F970471EDDC392004E5C19;
			productRefGroup = 72F970511EDDC393004E5C19 /* Products */;
			projectDirPath = "";
			projectRoot = "";
			targets = (
				72F9704F1EDDC392004E5C19 /* DreamLister */,
			);
		};
/* End PBXProject section */

/* Begin PBXResourcesBuildPhase section */
		72F9704E1EDDC392004E5C19 /* Resources */ = {
			isa = PBXResourcesBuildPhase;
			buildActionMask = 2147483647;
			files = (
				72F970611EDDC393004E5C19 /* LaunchScreen.storyboard in Resources */,
				72F9705E1EDDC393004E5C19 /* Assets.xcassets in Resources */,
				72F970591EDDC393004E5C19 /* Main.storyboard in Resources */,
			);
			runOnlyForDeploymentPostprocessing = 0;
		};
/* End PBXResourcesBuildPhase section */

/* Begin PBXSourcesBuildPhase section */
		72F9704C1EDDC392004E5C19 /* Sources */ = {
			isa = PBXSourcesBuildPhase;
			buildActionMask = 2147483647;
			files = (
				72F9708A1EDDFD75004E5C19 /* ItemType+CoreDataClass.swift in Sources */,
				72F9708B1EDDFD75004E5C19 /* ItemType+CoreDataProperties.swift in Sources */,
				72F970561EDDC393004E5C19 /* MainVC.swift in Sources */,
				72F970941EDE055F004E5C19 /* MaterialView.swift in Sources */,
				72F9708C1EDDFD75004E5C19 /* Image+CoreDataClass.swift in Sources */,
				72F970911EDDFD75004E5C19 /* Store+CoreDataProperties.swift in Sources */,
				72F970541EDDC393004E5C19 /* AppDelegate.swift in Sources */,
				72F9705C1EDDC393004E5C19 /* DreamLister.xcdatamodeld in Sources */,
				72F9708F1EDDFD75004E5C19 /* Item+CoreDataProperties.swift in Sources */,
				72F970901EDDFD75004E5C19 /* Store+CoreDataClass.swift in Sources */,
				72F9708E1EDDFD75004E5C19 /* Item+CoreDataClass.swift in Sources */,
				72F9708D1EDDFD75004E5C19 /* Image+CoreDataProperties.swift in Sources */,
			);
			runOnlyForDeploymentPostprocessing = 0;
		};
/* End PBXSourcesBuildPhase section */

/* Begin PBXVariantGroup section */
		72F970571EDDC393004E5C19 /* Main.storyboard */ = {
			isa = PBXVariantGroup;
			children = (
				72F970581EDDC393004E5C19 /* Base */,
			);
			name = Main.storyboard;
			sourceTree = "<group>";
		};
		72F9705F1EDDC393004E5C19 /* LaunchScreen.storyboard */ = {
			isa = PBXVariantGroup;
			children = (
				72F970601EDDC393004E5C19 /* Base */,
			);
			name = LaunchScreen.storyboard;
			sourceTree = "<group>";
		};
/* End PBXVariantGroup section */

/* Begin XCBuildConfiguration section */
		72F970631EDDC393004E5C19 /* Debug */ = {
			isa = XCBuildConfiguration;
			buildSettings = {
				ALWAYS_SEARCH_USER_PATHS = NO;
				CLANG_ANALYZER_NONNULL = YES;
				CLANG_ANALYZER_NUMBER_OBJECT_CONVERSION = YES_AGGRESSIVE;
				CLANG_CXX_LANGUAGE_STANDARD = "gnu++0x";
				CLANG_CXX_LIBRARY = "libc++";
				CLANG_ENABLE_MODULES = YES;
				CLANG_ENABLE_OBJC_ARC = YES;
				CLANG_WARN_BOOL_CONVERSION = YES;
				CLANG_WARN_CONSTANT_CONVERSION = YES;
				CLANG_WARN_DIRECT_OBJC_ISA_USAGE = YES_ERROR;
				CLANG_WARN_DOCUMENTATION_COMMENTS = YES;
				CLANG_WARN_EMPTY_BODY = YES;
				CLANG_WARN_ENUM_CONVERSION = YES;
				CLANG_WARN_INFINITE_RECURSION = YES;
				CLANG_WARN_INT_CONVERSION = YES;
				CLANG_WARN_OBJC_ROOT_CLASS = YES_ERROR;
				CLANG_WARN_SUSPICIOUS_MOVE = YES;
				CLANG_WARN_UNREACHABLE_CODE = YES;
				CLANG_WARN__DUPLICATE_METHOD_MATCH = YES;
				"CODE_SIGN_IDENTITY[sdk=iphoneos*]" = "iPhone Developer";
				COPY_PHASE_STRIP = NO;
				DEBUG_INFORMATION_FORMAT = dwarf;
				ENABLE_STRICT_OBJC_MSGSEND = YES;
				ENABLE_TESTABILITY = YES;
				GCC_C_LANGUAGE_STANDARD = gnu99;
				GCC_DYNAMIC_NO_PIC = NO;
				GCC_NO_COMMON_BLOCKS = YES;
				GCC_OPTIMIZATION_LEVEL = 0;
				GCC_PREPROCESSOR_DEFINITIONS = (
					"DEBUG=1",
					"$(inherited)",
				);
				GCC_WARN_64_TO_32_BIT_CONVERSION = YES;
				GCC_WARN_ABOUT_RETURN_TYPE = YES_ERROR;
				GCC_WARN_UNDECLARED_SELECTOR = YES;
				GCC_WARN_UNINITIALIZED_AUTOS = YES_AGGRESSIVE;
				GCC_WARN_UNUSED_FUNCTION = YES;
				GCC_WARN_UNUSED_VARIABLE = YES;
				IPHONEOS_DEPLOYMENT_TARGET = 10.3;
				MTL_ENABLE_DEBUG_INFO = YES;
				ONLY_ACTIVE_ARCH = YES;
				SDKROOT = iphoneos;
				SWIFT_ACTIVE_COMPILATION_CONDITIONS = DEBUG;
				SWIFT_OPTIMIZATION_LEVEL = "-Onone";
				TARGETED_DEVICE_FAMILY = "1,2";
			};
			name = Debug;
		};
		72F970641EDDC393004E5C19 /* Release */ = {
			isa = XCBuildConfiguration;
			buildSettings = {
				ALWAYS_SEARCH_USER_PATHS = NO;
				CLANG_ANALYZER_NONNULL = YES;
				CLANG_ANALYZER_NUMBER_OBJECT_CONVERSION = YES_AGGRESSIVE;
				CLANG_CXX_LANGUAGE_STANDARD = "gnu++0x";
				CLANG_CXX_LIBRARY = "libc++";
				CLANG_ENABLE_MODULES = YES;
				CLANG_ENABLE_OBJC_ARC = YES;
				CLANG_WARN_BOOL_CONVERSION = YES;
				CLANG_WARN_CONSTANT_CONVERSION = YES;
				CLANG_WARN_DIRECT_OBJC_ISA_USAGE = YES_ERROR;
				CLANG_WARN_DOCUMENTATION_COMMENTS = YES;
				CLANG_WARN_EMPTY_BODY = YES;
				CLANG_WARN_ENUM_CONVERSION = YES;
				CLANG_WARN_INFINITE_RECURSION = YES;
				CLANG_WARN_INT_CONVERSION = YES;
				CLANG_WARN_OBJC_ROOT_CLASS = YES_ERROR;
				CLANG_WARN_SUSPICIOUS_MOVE = YES;
				CLANG_WARN_UNREACHABLE_CODE = YES;
				CLANG_WARN__DUPLICATE_METHOD_MATCH = YES;
				"CODE_SIGN_IDENTITY[sdk=iphoneos*]" = "iPhone Developer";
				COPY_PHASE_STRIP = NO;
				DEBUG_INFORMATION_FORMAT = "dwarf-with-dsym";
				ENABLE_NS_ASSERTIONS = NO;
				ENABLE_STRICT_OBJC_MSGSEND = YES;
				GCC_C_LANGUAGE_STANDARD = gnu99;
				GCC_NO_COMMON_BLOCKS = YES;
				GCC_WARN_64_TO_32_BIT_CONVERSION = YES;
				GCC_WARN_ABOUT_RETURN_TYPE = YES_ERROR;
				GCC_WARN_UNDECLARED_SELECTOR = YES;
				GCC_WARN_UNINITIALIZED_AUTOS = YES_AGGRESSIVE;
				GCC_WARN_UNUSED_FUNCTION = YES;
				GCC_WARN_UNUSED_VARIABLE = YES;
				IPHONEOS_DEPLOYMENT_TARGET = 10.3;
				MTL_ENABLE_DEBUG_INFO = NO;
				SDKROOT = iphoneos;
				SWIFT_OPTIMIZATION_LEVEL = "-Owholemodule";
				TARGETED_DEVICE_FAMILY = "1,2";
				VALIDATE_PRODUCT = YES;
			};
			name = Release;
		};
		72F970661EDDC393004E5C19 /* Debug */ = {
			isa = XCBuildConfiguration;
			buildSettings = {
				ASSETCATALOG_COMPILER_APPICON_NAME = AppIcon;
				INFOPLIST_FILE = DreamLister/Info.plist;
				LD_RUNPATH_SEARCH_PATHS = "$(inherited) @executable_path/Frameworks";
				PRODUCT_BUNDLE_IDENTIFIER = com.cursoios.DreamLister;
				PRODUCT_NAME = "$(TARGET_NAME)";
				SWIFT_VERSION = 3.0;
			};
			name = Debug;
		};
		72F970671EDDC393004E5C19 /* Release */ = {
			isa = XCBuildConfiguration;
			buildSettings = {
				ASSETCATALOG_COMPILER_APPICON_NAME = AppIcon;
				INFOPLIST_FILE = DreamLister/Info.plist;
				LD_RUNPATH_SEARCH_PATHS = "$(inherited) @executable_path/Frameworks";
				PRODUCT_BUNDLE_IDENTIFIER = com.cursoios.DreamLister;
				PRODUCT_NAME = "$(TARGET_NAME)";
				SWIFT_VERSION = 3.0;
			};
			name = Release;
		};
/* End XCBuildConfiguration section */

/* Begin XCConfigurationList section */
		72F9704B1EDDC392004E5C19 /* Build configuration list for PBXProject "DreamLister" */ = {
			isa = XCConfigurationList;
			buildConfigurations = (
				72F970631EDDC393004E5C19 /* Debug */,
				72F970641EDDC393004E5C19 /* Release */,
			);
			defaultConfigurationIsVisible = 0;
			defaultConfigurationName = Release;
		};
		72F970651EDDC393004E5C19 /* Build configuration list for PBXNativeTarget "DreamLister" */ = {
			isa = XCConfigurationList;
			buildConfigurations = (
				72F970661EDDC393004E5C19 /* Debug */,
				72F970671EDDC393004E5C19 /* Release */,
			);
			defaultConfigurationIsVisible = 0;
		};
/* End XCConfigurationList section */

/* Begin XCVersionGroup section */
		72F9705A1EDDC393004E5C19 /* DreamLister.xcdatamodeld */ = {
			isa = XCVersionGroup;
			children = (
				72F9705B1EDDC393004E5C19 /* DreamLister.xcdatamodel */,
			);
			currentVersion = 72F9705B1EDDC393004E5C19 /* DreamLister.xcdatamodel */;
			path = DreamLister.xcdatamodeld;
			sourceTree = "<group>";
			versionGroupType = wrapper.xcdatamodel;
		};
/* End XCVersionGroup section */
	};
	rootObject = 72F970481EDDC392004E5C19 /* Project object */;
}
